// !$*UTF8*$!
{
	archiveVersion = 1;
	classes = {
	};
	objectVersion = 77;
	objects = {

/* Begin PBXContainerItemProxy section */
		CCDDB5B02D3AA41900578812 /* PBXContainerItemProxy */ = {
			isa = PBXContainerItemProxy;
			containerPortal = CCDDB5952D3AA41800578812 /* Project object */;
			proxyType = 1;
			remoteGlobalIDString = CCDDB59C2D3AA41800578812;
			remoteInfo = WaveTune;
		};
		CCDDB5BA2D3AA41900578812 /* PBXContainerItemProxy */ = {
			isa = PBXContainerItemProxy;
			containerPortal = CCDDB5952D3AA41800578812 /* Project object */;
			proxyType = 1;
			remoteGlobalIDString = CCDDB59C2D3AA41800578812;
			remoteInfo = WaveTune;
		};
/* End PBXContainerItemProxy section */

/* Begin PBXFileReference section */
		CCDDB59D2D3AA41800578812 /* WaveTune.app */ = {isa = PBXFileReference; explicitFileType = wrapper.application; includeInIndex = 0; path = WaveTune.app; sourceTree = BUILT_PRODUCTS_DIR; };
		CCDDB5AF2D3AA41900578812 /* WaveTuneTests.xctest */ = {isa = PBXFileReference; explicitFileType = wrapper.cfbundle; includeInIndex = 0; path = WaveTuneTests.xctest; sourceTree = BUILT_PRODUCTS_DIR; };
		CCDDB5B92D3AA41900578812 /* WaveTuneUITests.xctest */ = {isa = PBXFileReference; explicitFileType = wrapper.cfbundle; includeInIndex = 0; path = WaveTuneUITests.xctest; sourceTree = BUILT_PRODUCTS_DIR; };
/* End PBXFileReference section */

/* Begin PBXFileSystemSynchronizedRootGroup section */
		CCDDB59F2D3AA41800578812 /* WaveTune */ = {
			isa = PBXFileSystemSynchronizedRootGroup;
			path = WaveTune;
			sourceTree = "<group>";
		};
		CCDDB5B22D3AA41900578812 /* WaveTuneTests */ = {
			isa = PBXFileSystemSynchronizedRootGroup;
			path = WaveTuneTests;
			sourceTree = "<group>";
		};
		CCDDB5BC2D3AA41900578812 /* WaveTuneUITests */ = {
			isa = PBXFileSystemSynchronizedRootGroup;
			path = WaveTuneUITests;
			sourceTree = "<group>";
		};
/* End PBXFileSystemSynchronizedRootGroup section */

/* Begin PBXFrameworksBuildPhase section */
		CCDDB59A2D3AA41800578812 /* Frameworks */ = {
			isa = PBXFrameworksBuildPhase;
			buildActionMask = 2147483647;
			files = (
			);
			runOnlyForDeploymentPostprocessing = 0;
		};
		CCDDB5AC2D3AA41900578812 /* Frameworks */ = {
			isa = PBXFrameworksBuildPhase;
			buildActionMask = 2147483647;
			files = (
			);
			runOnlyForDeploymentPostprocessing = 0;
		};
		CCDDB5B62D3AA41900578812 /* Frameworks */ = {
			isa = PBXFrameworksBuildPhase;
			buildActionMask = 2147483647;
			files = (
			);
			runOnlyForDeploymentPostprocessing = 0;
		};
/* End PBXFrameworksBuildPhase section */

/* Begin PBXGroup section */
		CCDDB5942D3AA41800578812 = {
			isa = PBXGroup;
			children = (
				CCDDB59F2D3AA41800578812 /* WaveTune */,
				CCDDB5B22D3AA41900578812 /* WaveTuneTests */,
				CCDDB5BC2D3AA41900578812 /* WaveTuneUITests */,
				CCDDB59E2D3AA41800578812 /* Products */,
			);
			sourceTree = "<group>";
		};
		CCDDB59E2D3AA41800578812 /* Products */ = {
			isa = PBXGroup;
			children = (
				CCDDB59D2D3AA41800578812 /* WaveTune.app */,
				CCDDB5AF2D3AA41900578812 /* WaveTuneTests.xctest */,
				CCDDB5B92D3AA41900578812 /* WaveTuneUITests.xctest */,
			);
			name = Products;
			sourceTree = "<group>";
		};
/* End PBXGroup section */

/* Begin PBXNativeTarget section */
		CCDDB59C2D3AA41800578812 /* WaveTune */ = {
			isa = PBXNativeTarget;
			buildConfigurationList = CCDDB5C32D3AA41900578812 /* Build configuration list for PBXNativeTarget "WaveTune" */;
			buildPhases = (
				CCDDB5992D3AA41800578812 /* Sources */,
				CCDDB59A2D3AA41800578812 /* Frameworks */,
				CCDDB59B2D3AA41800578812 /* Resources */,
			);
			buildRules = (
			);
			dependencies = (
			);
			fileSystemSynchronizedGroups = (
				CCDDB59F2D3AA41800578812 /* WaveTune */,
			);
			name = WaveTune;
			packageProductDependencies = (
			);
			productName = WaveTune;
			productReference = CCDDB59D2D3AA41800578812 /* WaveTune.app */;
			productType = "com.apple.product-type.application";
		};
		CCDDB5AE2D3AA41900578812 /* WaveTuneTests */ = {
			isa = PBXNativeTarget;
			buildConfigurationList = CCDDB5C62D3AA41900578812 /* Build configuration list for PBXNativeTarget "WaveTuneTests" */;
			buildPhases = (
				CCDDB5AB2D3AA41900578812 /* Sources */,
				CCDDB5AC2D3AA41900578812 /* Frameworks */,
				CCDDB5AD2D3AA41900578812 /* Resources */,
			);
			buildRules = (
			);
			dependencies = (
				CCDDB5B12D3AA41900578812 /* PBXTargetDependency */,
			);
			fileSystemSynchronizedGroups = (
				CCDDB5B22D3AA41900578812 /* WaveTuneTests */,
			);
			name = WaveTuneTests;
			packageProductDependencies = (
			);
			productName = WaveTuneTests;
			productReference = CCDDB5AF2D3AA41900578812 /* WaveTuneTests.xctest */;
			productType = "com.apple.product-type.bundle.unit-test";
		};
		CCDDB5B82D3AA41900578812 /* WaveTuneUITests */ = {
			isa = PBXNativeTarget;
			buildConfigurationList = CCDDB5C92D3AA41900578812 /* Build configuration list for PBXNativeTarget "WaveTuneUITests" */;
			buildPhases = (
				CCDDB5B52D3AA41900578812 /* Sources */,
				CCDDB5B62D3AA41900578812 /* Frameworks */,
				CCDDB5B72D3AA41900578812 /* Resources */,
			);
			buildRules = (
			);
			dependencies = (
				CCDDB5BB2D3AA41900578812 /* PBXTargetDependency */,
			);
			fileSystemSynchronizedGroups = (
				CCDDB5BC2D3AA41900578812 /* WaveTuneUITests */,
			);
			name = WaveTuneUITests;
			packageProductDependencies = (
			);
			productName = WaveTuneUITests;
			productReference = CCDDB5B92D3AA41900578812 /* WaveTuneUITests.xctest */;
			productType = "com.apple.product-type.bundle.ui-testing";
		};
/* End PBXNativeTarget section */

/* Begin PBXProject section */
		CCDDB5952D3AA41800578812 /* Project object */ = {
			isa = PBXProject;
			attributes = {
				BuildIndependentTargetsInParallel = 1;
				LastSwiftUpdateCheck = 1620;
				LastUpgradeCheck = 1620;
				TargetAttributes = {
					CCDDB59C2D3AA41800578812 = {
						CreatedOnToolsVersion = 16.2;
					};
					CCDDB5AE2D3AA41900578812 = {
						CreatedOnToolsVersion = 16.2;
						TestTargetID = CCDDB59C2D3AA41800578812;
					};
					CCDDB5B82D3AA41900578812 = {
						CreatedOnToolsVersion = 16.2;
						TestTargetID = CCDDB59C2D3AA41800578812;
					};
				};
			};
			buildConfigurationList = CCDDB5982D3AA41800578812 /* Build configuration list for PBXProject "WaveTune" */;
			developmentRegion = en;
			hasScannedForEncodings = 0;
			knownRegions = (
				en,
				Base,
			);
			mainGroup = CCDDB5942D3AA41800578812;
			minimizedProjectReferenceProxies = 1;
			preferredProjectObjectVersion = 77;
			productRefGroup = CCDDB59E2D3AA41800578812 /* Products */;
			projectDirPath = "";
			projectRoot = "";
			targets = (
				CCDDB59C2D3AA41800578812 /* WaveTune */,
				CCDDB5AE2D3AA41900578812 /* WaveTuneTests */,
				CCDDB5B82D3AA41900578812 /* WaveTuneUITests */,
			);
		};
/* End PBXProject section */

/* Begin PBXResourcesBuildPhase section */
		CCDDB59B2D3AA41800578812 /* Resources */ = {
			isa = PBXResourcesBuildPhase;
			buildActionMask = 2147483647;
			files = (
			);
			runOnlyForDeploymentPostprocessing = 0;
		};
		CCDDB5AD2D3AA41900578812 /* Resources */ = {
			isa = PBXResourcesBuildPhase;
			buildActionMask = 2147483647;
			files = (
			);
			runOnlyForDeploymentPostprocessing = 0;
		};
		CCDDB5B72D3AA41900578812 /* Resources */ = {
			isa = PBXResourcesBuildPhase;
			buildActionMask = 2147483647;
			files = (
			);
			runOnlyForDeploymentPostprocessing = 0;
		};
/* End PBXResourcesBuildPhase section */

/* Begin PBXSourcesBuildPhase section */
		CCDDB5992D3AA41800578812 /* Sources */ = {
			isa = PBXSourcesBuildPhase;
			buildActionMask = 2147483647;
			files = (
			);
			runOnlyForDeploymentPostprocessing = 0;
		};
		CCDDB5AB2D3AA41900578812 /* Sources */ = {
			isa = PBXSourcesBuildPhase;
			buildActionMask = 2147483647;
			files = (
			);
			runOnlyForDeploymentPostprocessing = 0;
		};
		CCDDB5B52D3AA41900578812 /* Sources */ = {
			isa = PBXSourcesBuildPhase;
			buildActionMask = 2147483647;
			files = (
			);
			runOnlyForDeploymentPostprocessing = 0;
		};
/* End PBXSourcesBuildPhase section */

/* Begin PBXTargetDependency section */
		CCDDB5B12D3AA41900578812 /* PBXTargetDependency */ = {
			isa = PBXTargetDependency;
			target = CCDDB59C2D3AA41800578812 /* WaveTune */;
			targetProxy = CCDDB5B02D3AA41900578812 /* PBXContainerItemProxy */;
		};
		CCDDB5BB2D3AA41900578812 /* PBXTargetDependency */ = {
			isa = PBXTargetDependency;
			target = CCDDB59C2D3AA41800578812 /* WaveTune */;
			targetProxy = CCDDB5BA2D3AA41900578812 /* PBXContainerItemProxy */;
		};
/* End PBXTargetDependency section */

/* Begin XCBuildConfiguration section */
		CCDDB5C12D3AA41900578812 /* Debug */ = {
			isa = XCBuildConfiguration;
			buildSettings = {
				ALWAYS_SEARCH_USER_PATHS = NO;
				ASSETCATALOG_COMPILER_GENERATE_SWIFT_ASSET_SYMBOL_EXTENSIONS = YES;
				CLANG_ANALYZER_NONNULL = YES;
				CLANG_ANALYZER_NUMBER_OBJECT_CONVERSION = YES_AGGRESSIVE;
				CLANG_CXX_LANGUAGE_STANDARD = "gnu++20";
				CLANG_ENABLE_MODULES = YES;
				CLANG_ENABLE_OBJC_ARC = YES;
				CLANG_ENABLE_OBJC_WEAK = YES;
				CLANG_WARN_BLOCK_CAPTURE_AUTORELEASING = YES;
				CLANG_WARN_BOOL_CONVERSION = YES;
				CLANG_WARN_COMMA = YES;
				CLANG_WARN_CONSTANT_CONVERSION = YES;
				CLANG_WARN_DEPRECATED_OBJC_IMPLEMENTATIONS = YES;
				CLANG_WARN_DIRECT_OBJC_ISA_USAGE = YES_ERROR;
				CLANG_WARN_DOCUMENTATION_COMMENTS = YES;
				CLANG_WARN_EMPTY_BODY = YES;
				CLANG_WARN_ENUM_CONVERSION = YES;
				CLANG_WARN_INFINITE_RECURSION = YES;
				CLANG_WARN_INT_CONVERSION = YES;
				CLANG_WARN_NON_LITERAL_NULL_CONVERSION = YES;
				CLANG_WARN_OBJC_IMPLICIT_RETAIN_SELF = YES;
				CLANG_WARN_OBJC_LITERAL_CONVERSION = YES;
				CLANG_WARN_OBJC_ROOT_CLASS = YES_ERROR;
				CLANG_WARN_QUOTED_INCLUDE_IN_FRAMEWORK_HEADER = YES;
				CLANG_WARN_RANGE_LOOP_ANALYSIS = YES;
				CLANG_WARN_STRICT_PROTOTYPES = YES;
				CLANG_WARN_SUSPICIOUS_MOVE = YES;
				CLANG_WARN_UNGUARDED_AVAILABILITY = YES_AGGRESSIVE;
				CLANG_WARN_UNREACHABLE_CODE = YES;
				CLANG_WARN__DUPLICATE_METHOD_MATCH = YES;
				COPY_PHASE_STRIP = NO;
				DEBUG_INFORMATION_FORMAT = dwarf;
				ENABLE_STRICT_OBJC_MSGSEND = YES;
				ENABLE_TESTABILITY = YES;
				ENABLE_USER_SCRIPT_SANDBOXING = YES;
				GCC_C_LANGUAGE_STANDARD = gnu17;
				GCC_DYNAMIC_NO_PIC = NO;
				GCC_NO_COMMON_BLOCKS = YES;
				GCC_OPTIMIZATION_LEVEL = 0;
				GCC_PREPROCESSOR_DEFINITIONS = (
					"DEBUG=1",
					"$(inherited)",
				);
				GCC_WARN_64_TO_32_BIT_CONVERSION = YES;
				GCC_WARN_ABOUT_RETURN_TYPE = YES_ERROR;
				GCC_WARN_UNDECLARED_SELECTOR = YES;
				GCC_WARN_UNINITIALIZED_AUTOS = YES_AGGRESSIVE;
				GCC_WARN_UNUSED_FUNCTION = YES;
				GCC_WARN_UNUSED_VARIABLE = YES;
				IPHONEOS_DEPLOYMENT_TARGET = 18.2;
				LOCALIZATION_PREFERS_STRING_CATALOGS = YES;
				MTL_ENABLE_DEBUG_INFO = INCLUDE_SOURCE;
				MTL_FAST_MATH = YES;
				ONLY_ACTIVE_ARCH = YES;
				SDKROOT = iphoneos;
				SWIFT_ACTIVE_COMPILATION_CONDITIONS = "DEBUG $(inherited)";
				SWIFT_OPTIMIZATION_LEVEL = "-Onone";
			};
			name = Debug;
		};
		CCDDB5C22D3AA41900578812 /* Release */ = {
			isa = XCBuildConfiguration;
			buildSettings = {
				ALWAYS_SEARCH_USER_PATHS = NO;
				ASSETCATALOG_COMPILER_GENERATE_SWIFT_ASSET_SYMBOL_EXTENSIONS = YES;
				CLANG_ANALYZER_NONNULL = YES;
				CLANG_ANALYZER_NUMBER_OBJECT_CONVERSION = YES_AGGRESSIVE;
				CLANG_CXX_LANGUAGE_STANDARD = "gnu++20";
				CLANG_ENABLE_MODULES = YES;
				CLANG_ENABLE_OBJC_ARC = YES;
				CLANG_ENABLE_OBJC_WEAK = YES;
				CLANG_WARN_BLOCK_CAPTURE_AUTORELEASING = YES;
				CLANG_WARN_BOOL_CONVERSION = YES;
				CLANG_WARN_COMMA = YES;
				CLANG_WARN_CONSTANT_CONVERSION = YES;
				CLANG_WARN_DEPRECATED_OBJC_IMPLEMENTATIONS = YES;
				CLANG_WARN_DIRECT_OBJC_ISA_USAGE = YES_ERROR;
				CLANG_WARN_DOCUMENTATION_COMMENTS = YES;
				CLANG_WARN_EMPTY_BODY = YES;
				CLANG_WARN_ENUM_CONVERSION = YES;
				CLANG_WARN_INFINITE_RECURSION = YES;
				CLANG_WARN_INT_CONVERSION = YES;
				CLANG_WARN_NON_LITERAL_NULL_CONVERSION = YES;
				CLANG_WARN_OBJC_IMPLICIT_RETAIN_SELF = YES;
				CLANG_WARN_OBJC_LITERAL_CONVERSION = YES;
				CLANG_WARN_OBJC_ROOT_CLASS = YES_ERROR;
				CLANG_WARN_QUOTED_INCLUDE_IN_FRAMEWORK_HEADER = YES;
				CLANG_WARN_RANGE_LOOP_ANALYSIS = YES;
				CLANG_WARN_STRICT_PROTOTYPES = YES;
				CLANG_WARN_SUSPICIOUS_MOVE = YES;
				CLANG_WARN_UNGUARDED_AVAILABILITY = YES_AGGRESSIVE;
				CLANG_WARN_UNREACHABLE_CODE = YES;
				CLANG_WARN__DUPLICATE_METHOD_MATCH = YES;
				COPY_PHASE_STRIP = NO;
				DEBUG_INFORMATION_FORMAT = "dwarf-with-dsym";
				ENABLE_NS_ASSERTIONS = NO;
				ENABLE_STRICT_OBJC_MSGSEND = YES;
				ENABLE_USER_SCRIPT_SANDBOXING = YES;
				GCC_C_LANGUAGE_STANDARD = gnu17;
				GCC_NO_COMMON_BLOCKS = YES;
				GCC_WARN_64_TO_32_BIT_CONVERSION = YES;
				GCC_WARN_ABOUT_RETURN_TYPE = YES_ERROR;
				GCC_WARN_UNDECLARED_SELECTOR = YES;
				GCC_WARN_UNINITIALIZED_AUTOS = YES_AGGRESSIVE;
				GCC_WARN_UNUSED_FUNCTION = YES;
				GCC_WARN_UNUSED_VARIABLE = YES;
				IPHONEOS_DEPLOYMENT_TARGET = 18.2;
				LOCALIZATION_PREFERS_STRING_CATALOGS = YES;
				MTL_ENABLE_DEBUG_INFO = NO;
				MTL_FAST_MATH = YES;
				SDKROOT = iphoneos;
				SWIFT_COMPILATION_MODE = wholemodule;
				VALIDATE_PRODUCT = YES;
			};
			name = Release;
		};
		CCDDB5C42D3AA41900578812 /* Debug */ = {
			isa = XCBuildConfiguration;
			buildSettings = {
				ASSETCATALOG_COMPILER_APPICON_NAME = AppIcon;
				ASSETCATALOG_COMPILER_GLOBAL_ACCENT_COLOR_NAME = AccentColor;
				CODE_SIGN_STYLE = Automatic;
				CURRENT_PROJECT_VERSION = 1;
				DEVELOPMENT_ASSET_PATHS = "\"WaveTune/Preview Content\"";
				DEVELOPMENT_TEAM = BD72FKWLAY;
				ENABLE_PREVIEWS = YES;
				GENERATE_INFOPLIST_FILE = YES;
				INFOPLIST_KEY_UIApplicationSceneManifest_Generation = YES;
				INFOPLIST_KEY_UIApplicationSupportsIndirectInputEvents = YES;
				INFOPLIST_KEY_UILaunchScreen_Generation = YES;
				INFOPLIST_KEY_UISupportedInterfaceOrientations_iPad = "UIInterfaceOrientationPortrait UIInterfaceOrientationPortraitUpsideDown UIInterfaceOrientationLandscapeLeft UIInterfaceOrientationLandscapeRight";
				INFOPLIST_KEY_UISupportedInterfaceOrientations_iPhone = "UIInterfaceOrientationPortrait UIInterfaceOrientationLandscapeLeft UIInterfaceOrientationLandscapeRight";
				LD_RUNPATH_SEARCH_PATHS = (
					"$(inherited)",
					"@executable_path/Frameworks",
				);
				MARKETING_VERSION = 1.0;
				PRODUCT_BUNDLE_IDENTIFIER = waynej.WaveTune;
				PRODUCT_NAME = "$(TARGET_NAME)";
				SWIFT_EMIT_LOC_STRINGS = YES;
				SWIFT_VERSION = 5.0;
				TARGETED_DEVICE_FAMILY = "1,2";
			};
			name = Debug;
		};
		CCDDB5C52D3AA41900578812 /* Release */ = {
			isa = XCBuildConfiguration;
			buildSettings = {
				ASSETCATALOG_COMPILER_APPICON_NAME = AppIcon;
				ASSETCATALOG_COMPILER_GLOBAL_ACCENT_COLOR_NAME = AccentColor;
				CODE_SIGN_STYLE = Automatic;
				CURRENT_PROJECT_VERSION = 1;
				DEVELOPMENT_ASSET_PATHS = "\"WaveTune/Preview Content\"";
				DEVELOPMENT_TEAM = BD72FKWLAY;
				ENABLE_PREVIEWS = YES;
				GENERATE_INFOPLIST_FILE = YES;
				INFOPLIST_KEY_UIApplicationSceneManifest_Generation = YES;
				INFOPLIST_KEY_UIApplicationSupportsIndirectInputEvents = YES;
				INFOPLIST_KEY_UILaunchScreen_Generation = YES;
				INFOPLIST_KEY_UISupportedInterfaceOrientations_iPad = "UIInterfaceOrientationPortrait UIInterfaceOrientationPortraitUpsideDown UIInterfaceOrientationLandscapeLeft UIInterfaceOrientationLandscapeRight";
				INFOPLIST_KEY_UISupportedInterfaceOrientations_iPhone = "UIInterfaceOrientationPortrait UIInterfaceOrientationLandscapeLeft UIInterfaceOrientationLandscapeRight";
				LD_RUNPATH_SEARCH_PATHS = (
					"$(inherited)",
					"@executable_path/Frameworks",
				);
				MARKETING_VERSION = 1.0;
				PRODUCT_BUNDLE_IDENTIFIER = waynej.WaveTune;
				PRODUCT_NAME = "$(TARGET_NAME)";
				SWIFT_EMIT_LOC_STRINGS = YES;
				SWIFT_VERSION = 5.0;
				TARGETED_DEVICE_FAMILY = "1,2";
			};
			name = Release;
		};
		CCDDB5C72D3AA41900578812 /* Debug */ = {
			isa = XCBuildConfiguration;
			buildSettings = {
				BUNDLE_LOADER = "$(TEST_HOST)";
				CODE_SIGN_STYLE = Automatic;
				CURRENT_PROJECT_VERSION = 1;
				DEVELOPMENT_TEAM = BD72FKWLAY;
				GENERATE_INFOPLIST_FILE = YES;
				IPHONEOS_DEPLOYMENT_TARGET = 18.2;
				MARKETING_VERSION = 1.0;
				PRODUCT_BUNDLE_IDENTIFIER = waynej.WaveTuneTests;
				PRODUCT_NAME = "$(TARGET_NAME)";
				SWIFT_EMIT_LOC_STRINGS = NO;
				SWIFT_VERSION = 5.0;
				TARGETED_DEVICE_FAMILY = "1,2";
				TEST_HOST = "$(BUILT_PRODUCTS_DIR)/WaveTune.app/$(BUNDLE_EXECUTABLE_FOLDER_PATH)/WaveTune";
			};
			name = Debug;
		};
		CCDDB5C82D3AA41900578812 /* Release */ = {
			isa = XCBuildConfiguration;
			buildSettings = {
				BUNDLE_LOADER = "$(TEST_HOST)";
				CODE_SIGN_STYLE = Automatic;
				CURRENT_PROJECT_VERSION = 1;
				DEVELOPMENT_TEAM = BD72FKWLAY;
				GENERATE_INFOPLIST_FILE = YES;
				IPHONEOS_DEPLOYMENT_TARGET = 18.2;
				MARKETING_VERSION = 1.0;
				PRODUCT_BUNDLE_IDENTIFIER = waynej.WaveTuneTests;
				PRODUCT_NAME = "$(TARGET_NAME)";
				SWIFT_EMIT_LOC_STRINGS = NO;
				SWIFT_VERSION = 5.0;
				TARGETED_DEVICE_FAMILY = "1,2";
				TEST_HOST = "$(BUILT_PRODUCTS_DIR)/WaveTune.app/$(BUNDLE_EXECUTABLE_FOLDER_PATH)/WaveTune";
			};
			name = Release;
		};
		CCDDB5CA2D3AA41900578812 /* Debug */ = {
			isa = XCBuildConfiguration;
			buildSettings = {
				CODE_SIGN_STYLE = Automatic;
				CURRENT_PROJECT_VERSION = 1;
				DEVELOPMENT_TEAM = BD72FKWLAY;
				GENERATE_INFOPLIST_FILE = YES;
				MARKETING_VERSION = 1.0;
				PRODUCT_BUNDLE_IDENTIFIER = waynej.WaveTuneUITests;
				PRODUCT_NAME = "$(TARGET_NAME)";
				SWIFT_EMIT_LOC_STRINGS = NO;
				SWIFT_VERSION = 5.0;
				TARGETED_DEVICE_FAMILY = "1,2";
				TEST_TARGET_NAME = WaveTune;
			};
			name = Debug;
		};
		CCDDB5CB2D3AA41900578812 /* Release */ = {
			isa = XCBuildConfiguration;
			buildSettings = {
				CODE_SIGN_STYLE = Automatic;
				CURRENT_PROJECT_VERSION = 1;
				DEVELOPMENT_TEAM = BD72FKWLAY;
				GENERATE_INFOPLIST_FILE = YES;
				MARKETING_VERSION = 1.0;
				PRODUCT_BUNDLE_IDENTIFIER = waynej.WaveTuneUITests;
				PRODUCT_NAME = "$(TARGET_NAME)";
				SWIFT_EMIT_LOC_STRINGS = NO;
				SWIFT_VERSION = 5.0;
				TARGETED_DEVICE_FAMILY = "1,2";
				TEST_TARGET_NAME = WaveTune;
			};
			name = Release;
		};
/* End XCBuildConfiguration section */

/* Begin XCConfigurationList section */
		CCDDB5982D3AA41800578812 /* Build configuration list for PBXProject "WaveTune" */ = {
			isa = XCConfigurationList;
			buildConfigurations = (
				CCDDB5C12D3AA41900578812 /* Debug */,
				CCDDB5C22D3AA41900578812 /* Release */,
			);
			defaultConfigurationIsVisible = 0;
			defaultConfigurationName = Release;
		};
		CCDDB5C32D3AA41900578812 /* Build configuration list for PBXNativeTarget "WaveTune" */ = {
			isa = XCConfigurationList;
			buildConfigurations = (
				CCDDB5C42D3AA41900578812 /* Debug */,
				CCDDB5C52D3AA41900578812 /* Release */,
			);
			defaultConfigurationIsVisible = 0;
			defaultConfigurationName = Release;
		};
		CCDDB5C62D3AA41900578812 /* Build configuration list for PBXNativeTarget "WaveTuneTests" */ = {
			isa = XCConfigurationList;
			buildConfigurations = (
				CCDDB5C72D3AA41900578812 /* Debug */,
				CCDDB5C82D3AA41900578812 /* Release */,
			);
			defaultConfigurationIsVisible = 0;
			defaultConfigurationName = Release;
		};
		CCDDB5C92D3AA41900578812 /* Build configuration list for PBXNativeTarget "WaveTuneUITests" */ = {
			isa = XCConfigurationList;
			buildConfigurations = (
				CCDDB5CA2D3AA41900578812 /* Debug */,
				CCDDB5CB2D3AA41900578812 /* Release */,
			);
			defaultConfigurationIsVisible = 0;
			defaultConfigurationName = Release;
		};
/* End XCConfigurationList section */
	};
	rootObject = CCDDB5952D3AA41800578812 /* Project object */;
}
